
Microsoft Visual Studio Solution File, Format Version 12.00
# Visual Studio Version 17
VisualStudioVersion = 17.11.35327.3
MinimumVisualStudioVersion = 10.0.40219.1
Project("{9A19103F-16F7-4668-BE54-9A1E7A4F7556}") = "Agoda.GrapqhlGen", "Agoda.GrapqhlGen\Agoda.GrapqhlGen.csproj", "{CEFF629E-5D42-4245-BC36-25B57627587A}"
EndProject
Project("{FAE04EC0-301F-11D3-BF4B-00C04F79EFBC}") = "Agoda.GrapqhlGen.Tests", "Agoda.GrapqhlGen.Tests\Agoda.GrapqhlGen.Tests.csproj", "{986253B2-863D-4187-A392-6BA689651F80}"
EndProject
Global
	GlobalSection(SolutionConfigurationPlatforms) = preSolution
		Debug|Any CPU = Debug|Any CPU
		Release|Any CPU = Release|Any CPU
	EndGlobalSection
	GlobalSection(ProjectConfigurationPlatforms) = postSolution
		{CEFF629E-5D42-4245-BC36-25B57627587A}.Debug|Any CPU.ActiveCfg = Debug|Any CPU
		{CEFF629E-5D42-4245-BC36-25B57627587A}.Debug|Any CPU.Build.0 = Debug|Any CPU
		{CEFF629E-5D42-4245-BC36-25B57627587A}.Release|Any CPU.ActiveCfg = Release|Any CPU
		{CEFF629E-5D42-4245-BC36-25B57627587A}.Release|Any CPU.Build.0 = Release|Any CPU
		{986253B2-863D-4187-A392-6BA689651F80}.Debug|Any CPU.ActiveCfg = Debug|Any CPU
		{986253B2-863D-4187-A392-6BA689651F80}.Debug|Any CPU.Build.0 = Debug|Any CPU
		{986253B2-863D-4187-A392-6BA689651F80}.Release|Any CPU.ActiveCfg = Release|Any CPU
		{986253B2-863D-4187-A392-6BA689651F80}.Release|Any CPU.Build.0 = Release|Any CPU
	EndGlobalSection
	GlobalSection(SolutionProperties) = preSolution
		HideSolutionNode = FALSE
	EndGlobalSection
	GlobalSection(ExtensibilityGlobals) = postSolution
		SolutionGuid = {7800F762-7C35-40B0-A344-A7E2E57FBFE0}
	EndGlobalSection
EndGlobal
